
Microsoft Visual Studio Solution File, Format Version 12.00
# Visual Studio Version 17
VisualStudioVersion = 17.4.33103.184
MinimumVisualStudioVersion = 10.0.40219.1
Project("{FAE04EC0-301F-11D3-BF4B-00C04F79EFBC}") = "TestApp", "TestApp\TestApp.csproj", "{B2F58339-1CFF-4ADF-9F8B-34575A044726}"
EndProject
Global
	GlobalSection(SolutionConfigurationPlatforms) = preSolution
		Debug|Any CPU = Debug|Any CPU
		Release|Any CPU = Release|Any CPU
	EndGlobalSection
	GlobalSection(ProjectConfigurationPlatforms) = postSolution
		{B2F58339-1CFF-4ADF-9F8B-34575A044726}.Debug|Any CPU.ActiveCfg = Debug|Any CPU
		{B2F58339-1CFF-4ADF-9F8B-34575A044726}.Debug|Any CPU.Build.0 = Debug|Any CPU
		{B2F58339-1CFF-4ADF-9F8B-34575A044726}.Release|Any CPU.ActiveCfg = Release|Any CPU
		{B2F58339-1CFF-4ADF-9F8B-34575A044726}.Release|Any CPU.Build.0 = Release|Any CPU
	EndGlobalSection
	GlobalSection(SolutionProperties) = preSolution
		HideSolutionNode = FALSE
	EndGlobalSection
	GlobalSection(ExtensibilityGlobals) = postSolution
		SolutionGuid = {C799F569-0B5E-4CDA-8B45-9373DD1B8A53}
	EndGlobalSection
EndGlobal
